{
  "name": "flashy",
  "version": "1.0.0",
  "lockfileVersion": 1,
  "requires": true,
  "dependencies": {
    "commander": {
      "version": "2.15.1",
      "resolved": "https://registry.npmjs.org/commander/-/commander-2.15.1.tgz",
      "integrity": "sha512-VlfT9F3V0v+jr4yxPc5gg9s62/fIVWsd2Bk2iD435um1NlGMYdVCq+MjcXnhYq2icNOizHr1kK+5TI6H0Hy0ag=="
    },
    "require.all": {
      "version": "2.0.4",
      "resolved": "https://registry.npmjs.org/require.all/-/require.all-2.0.4.tgz",
      "integrity": "sha512-gNwF7E6rcBowwAlo7/Xy+QhuwCnh/x5wgexfzuyAyYdI5+ah1khzbkMUfayuxRuY+Ivy/fOUEUiFuyD5I8cYQQ=="
    }
  }
}
